
Microsoft Visual Studio Solution File, Format Version 12.00
# Visual Studio Version 17
VisualStudioVersion = 17.0.31903.59
MinimumVisualStudioVersion = 10.0.40219.1
Project("{2150E333-8FDC-42A3-9474-1A3956D46DE8}") = "src", "src", "{827E0CD3-B72D-47B6-A68D-7590B98EB39B}"
EndProject
Project("{FAE04EC0-301F-11D3-BF4B-00C04F79EFBC}") = "Amtsblick.Core", "src\Amtsblick.Core\Amtsblick.Core.csproj", "{50819104-F102-46B2-8E19-352A08354D40}"
EndProject
Project("{FAE04EC0-301F-11D3-BF4B-00C04F79EFBC}") = "Amtsblick.Modules.Wasser", "src\Amtsblick.Modules.Wasser\Amtsblick.Modules.Wasser.csproj", "{6BEE3B83-A6BD-40A1-85A8-4B945A54F1EC}"
EndProject
Project("{FAE04EC0-301F-11D3-BF4B-00C04F79EFBC}") = "Amtsblick.Server", "src\Amtsblick.Server\Amtsblick.Server.csproj", "{81B1BDFD-5523-4AA7-9A36-8D1B09C9A5C1}"
EndProject
Project("{2150E333-8FDC-42A3-9474-1A3956D46DE8}") = "tests", "tests", "{0AB3BF05-4346-4AA6-1389-037BE0695223}"
EndProject
Project("{FAE04EC0-301F-11D3-BF4B-00C04F79EFBC}") = "Amtsblick.Core.Tests", "tests\Amtsblick.Core.Tests\Amtsblick.Core.Tests.csproj", "{68D9AAAA-FB6D-452B-99C3-778376307150}"
EndProject
Project("{FAE04EC0-301F-11D3-BF4B-00C04F79EFBC}") = "Amtsblick.Modules.Wasser.Tests", "tests\Amtsblick.Modules.Wasser.Tests\Amtsblick.Modules.Wasser.Tests.csproj", "{2921D44D-EDDE-42CA-8526-C18CBA66F453}"
EndProject
Project("{FAE04EC0-301F-11D3-BF4B-00C04F79EFBC}") = "Amtsblick.Modules.Wetter", "src\Amtsblick.Modules.Wetter\Amtsblick.Modules.Wetter.csproj", "{2B2D078D-7B3C-4DA9-B53E-45F4DD76228E}"
EndProject
Project("{FAE04EC0-301F-11D3-BF4B-00C04F79EFBC}") = "Amtsblick.Modules.Wetter.Tests", "tests\Amtsblick.Modules.Wetter.Tests\Amtsblick.Modules.Wetter.Tests.csproj", "{29937A80-CF66-489C-8977-2CE0E7F60593}"
EndProject
Global
	GlobalSection(SolutionConfigurationPlatforms) = preSolution
		Debug|Any CPU = Debug|Any CPU
		Debug|x64 = Debug|x64
		Debug|x86 = Debug|x86
		Release|Any CPU = Release|Any CPU
		Release|x64 = Release|x64
		Release|x86 = Release|x86
	EndGlobalSection
	GlobalSection(ProjectConfigurationPlatforms) = postSolution
		{50819104-F102-46B2-8E19-352A08354D40}.Debug|Any CPU.ActiveCfg = Debug|Any CPU
		{50819104-F102-46B2-8E19-352A08354D40}.Debug|Any CPU.Build.0 = Debug|Any CPU
		{50819104-F102-46B2-8E19-352A08354D40}.Debug|x64.ActiveCfg = Debug|Any CPU
		{50819104-F102-46B2-8E19-352A08354D40}.Debug|x64.Build.0 = Debug|Any CPU
		{50819104-F102-46B2-8E19-352A08354D40}.Debug|x86.ActiveCfg = Debug|Any CPU
		{50819104-F102-46B2-8E19-352A08354D40}.Debug|x86.Build.0 = Debug|Any CPU
		{50819104-F102-46B2-8E19-352A08354D40}.Release|Any CPU.ActiveCfg = Release|Any CPU
		{50819104-F102-46B2-8E19-352A08354D40}.Release|Any CPU.Build.0 = Release|Any CPU
		{50819104-F102-46B2-8E19-352A08354D40}.Release|x64.ActiveCfg = Release|Any CPU
		{50819104-F102-46B2-8E19-352A08354D40}.Release|x64.Build.0 = Release|Any CPU
		{50819104-F102-46B2-8E19-352A08354D40}.Release|x86.ActiveCfg = Release|Any CPU
		{50819104-F102-46B2-8E19-352A08354D40}.Release|x86.Build.0 = Release|Any CPU
		{6BEE3B83-A6BD-40A1-85A8-4B945A54F1EC}.Debug|Any CPU.ActiveCfg = Debug|Any CPU
		{6BEE3B83-A6BD-40A1-85A8-4B945A54F1EC}.Debug|Any CPU.Build.0 = Debug|Any CPU
		{6BEE3B83-A6BD-40A1-85A8-4B945A54F1EC}.Debug|x64.ActiveCfg = Debug|Any CPU
		{6BEE3B83-A6BD-40A1-85A8-4B945A54F1EC}.Debug|x64.Build.0 = Debug|Any CPU
		{6BEE3B83-A6BD-40A1-85A8-4B945A54F1EC}.Debug|x86.ActiveCfg = Debug|Any CPU
		{6BEE3B83-A6BD-40A1-85A8-4B945A54F1EC}.Debug|x86.Build.0 = Debug|Any CPU
		{6BEE3B83-A6BD-40A1-85A8-4B945A54F1EC}.Release|Any CPU.ActiveCfg = Release|Any CPU
		{6BEE3B83-A6BD-40A1-85A8-4B945A54F1EC}.Release|Any CPU.Build.0 = Release|Any CPU
		{6BEE3B83-A6BD-40A1-85A8-4B945A54F1EC}.Release|x64.ActiveCfg = Release|Any CPU
		{6BEE3B83-A6BD-40A1-85A8-4B945A54F1EC}.Release|x64.Build.0 = Release|Any CPU
		{6BEE3B83-A6BD-40A1-85A8-4B945A54F1EC}.Release|x86.ActiveCfg = Release|Any CPU
		{6BEE3B83-A6BD-40A1-85A8-4B945A54F1EC}.Release|x86.Build.0 = Release|Any CPU
		{81B1BDFD-5523-4AA7-9A36-8D1B09C9A5C1}.Debug|Any CPU.ActiveCfg = Debug|Any CPU
		{81B1BDFD-5523-4AA7-9A36-8D1B09C9A5C1}.Debug|Any CPU.Build.0 = Debug|Any CPU
		{81B1BDFD-5523-4AA7-9A36-8D1B09C9A5C1}.Debug|x64.ActiveCfg = Debug|Any CPU
		{81B1BDFD-5523-4AA7-9A36-8D1B09C9A5C1}.Debug|x64.Build.0 = Debug|Any CPU
		{81B1BDFD-5523-4AA7-9A36-8D1B09C9A5C1}.Debug|x86.ActiveCfg = Debug|Any CPU
		{81B1BDFD-5523-4AA7-9A36-8D1B09C9A5C1}.Debug|x86.Build.0 = Debug|Any CPU
		{81B1BDFD-5523-4AA7-9A36-8D1B09C9A5C1}.Release|Any CPU.ActiveCfg = Release|Any CPU
		{81B1BDFD-5523-4AA7-9A36-8D1B09C9A5C1}.Release|Any CPU.Build.0 = Release|Any CPU
		{81B1BDFD-5523-4AA7-9A36-8D1B09C9A5C1}.Release|x64.ActiveCfg = Release|Any CPU
		{81B1BDFD-5523-4AA7-9A36-8D1B09C9A5C1}.Release|x64.Build.0 = Release|Any CPU
		{81B1BDFD-5523-4AA7-9A36-8D1B09C9A5C1}.Release|x86.ActiveCfg = Release|Any CPU
		{81B1BDFD-5523-4AA7-9A36-8D1B09C9A5C1}.Release|x86.Build.0 = Release|Any CPU
		{68D9AAAA-FB6D-452B-99C3-778376307150}.Debug|Any CPU.ActiveCfg = Debug|Any CPU
		{68D9AAAA-FB6D-452B-99C3-778376307150}.Debug|Any CPU.Build.0 = Debug|Any CPU
		{68D9AAAA-FB6D-452B-99C3-778376307150}.Debug|x64.ActiveCfg = Debug|Any CPU
		{68D9AAAA-FB6D-452B-99C3-778376307150}.Debug|x64.Build.0 = Debug|Any CPU
		{68D9AAAA-FB6D-452B-99C3-778376307150}.Debug|x86.ActiveCfg = Debug|Any CPU
		{68D9AAAA-FB6D-452B-99C3-778376307150}.Debug|x86.Build.0 = Debug|Any CPU
		{68D9AAAA-FB6D-452B-99C3-778376307150}.Release|Any CPU.ActiveCfg = Release|Any CPU
		{68D9AAAA-FB6D-452B-99C3-778376307150}.Release|Any CPU.Build.0 = Release|Any CPU
		{68D9AAAA-FB6D-452B-99C3-778376307150}.Release|x64.ActiveCfg = Release|Any CPU
		{68D9AAAA-FB6D-452B-99C3-778376307150}.Release|x64.Build.0 = Release|Any CPU
		{68D9AAAA-FB6D-452B-99C3-778376307150}.Release|x86.ActiveCfg = Release|Any CPU
		{68D9AAAA-FB6D-452B-99C3-778376307150}.Release|x86.Build.0 = Release|Any CPU
		{2921D44D-EDDE-42CA-8526-C18CBA66F453}.Debug|Any CPU.ActiveCfg = Debug|Any CPU
		{2921D44D-EDDE-42CA-8526-C18CBA66F453}.Debug|Any CPU.Build.0 = Debug|Any CPU
		{2921D44D-EDDE-42CA-8526-C18CBA66F453}.Debug|x64.ActiveCfg = Debug|Any CPU
		{2921D44D-EDDE-42CA-8526-C18CBA66F453}.Debug|x64.Build.0 = Debug|Any CPU
		{2921D44D-EDDE-42CA-8526-C18CBA66F453}.Debug|x86.ActiveCfg = Debug|Any CPU
		{2921D44D-EDDE-42CA-8526-C18CBA66F453}.Debug|x86.Build.0 = Debug|Any CPU
		{2921D44D-EDDE-42CA-8526-C18CBA66F453}.Release|Any CPU.ActiveCfg = Release|Any CPU
		{2921D44D-EDDE-42CA-8526-C18CBA66F453}.Release|Any CPU.Build.0 = Release|Any CPU
		{2921D44D-EDDE-42CA-8526-C18CBA66F453}.Release|x64.ActiveCfg = Release|Any CPU
		{2921D44D-EDDE-42CA-8526-C18CBA66F453}.Release|x64.Build.0 = Release|Any CPU
		{2921D44D-EDDE-42CA-8526-C18CBA66F453}.Release|x86.ActiveCfg = Release|Any CPU
		{2921D44D-EDDE-42CA-8526-C18CBA66F453}.Release|x86.Build.0 = Release|Any CPU
		{2B2D078D-7B3C-4DA9-B53E-45F4DD76228E}.Debug|Any CPU.ActiveCfg = Debug|Any CPU
		{2B2D078D-7B3C-4DA9-B53E-45F4DD76228E}.Debug|Any CPU.Build.0 = Debug|Any CPU
		{2B2D078D-7B3C-4DA9-B53E-45F4DD76228E}.Debug|x64.ActiveCfg = Debug|Any CPU
		{2B2D078D-7B3C-4DA9-B53E-45F4DD76228E}.Debug|x64.Build.0 = Debug|Any CPU
		{2B2D078D-7B3C-4DA9-B53E-45F4DD76228E}.Debug|x86.ActiveCfg = Debug|Any CPU
		{2B2D078D-7B3C-4DA9-B53E-45F4DD76228E}.Debug|x86.Build.0 = Debug|Any CPU
		{2B2D078D-7B3C-4DA9-B53E-45F4DD76228E}.Release|Any CPU.ActiveCfg = Release|Any CPU
		{2B2D078D-7B3C-4DA9-B53E-45F4DD76228E}.Release|Any CPU.Build.0 = Release|Any CPU
		{2B2D078D-7B3C-4DA9-B53E-45F4DD76228E}.Release|x64.ActiveCfg = Release|Any CPU
		{2B2D078D-7B3C-4DA9-B53E-45F4DD76228E}.Release|x64.Build.0 = Release|Any CPU
		{2B2D078D-7B3C-4DA9-B53E-45F4DD76228E}.Release|x86.ActiveCfg = Release|Any CPU
		{2B2D078D-7B3C-4DA9-B53E-45F4DD76228E}.Release|x86.Build.0 = Release|Any CPU
		{29937A80-CF66-489C-8977-2CE0E7F60593}.Debug|Any CPU.ActiveCfg = Debug|Any CPU
		{29937A80-CF66-489C-8977-2CE0E7F60593}.Debug|Any CPU.Build.0 = Debug|Any CPU
		{29937A80-CF66-489C-8977-2CE0E7F60593}.Debug|x64.ActiveCfg = Debug|Any CPU
		{29937A80-CF66-489C-8977-2CE0E7F60593}.Debug|x64.Build.0 = Debug|Any CPU
		{29937A80-CF66-489C-8977-2CE0E7F60593}.Debug|x86.ActiveCfg = Debug|Any CPU
		{29937A80-CF66-489C-8977-2CE0E7F60593}.Debug|x86.Build.0 = Debug|Any CPU
		{29937A80-CF66-489C-8977-2CE0E7F60593}.Release|Any CPU.ActiveCfg = Release|Any CPU
		{29937A80-CF66-489C-8977-2CE0E7F60593}.Release|Any CPU.Build.0 = Release|Any CPU
		{29937A80-CF66-489C-8977-2CE0E7F60593}.Release|x64.ActiveCfg = Release|Any CPU
		{29937A80-CF66-489C-8977-2CE0E7F60593}.Release|x64.Build.0 = Release|Any CPU
		{29937A80-CF66-489C-8977-2CE0E7F60593}.Release|x86.ActiveCfg = Release|Any CPU
		{29937A80-CF66-489C-8977-2CE0E7F60593}.Release|x86.Build.0 = Release|Any CPU
	EndGlobalSection
	GlobalSection(SolutionProperties) = preSolution
		HideSolutionNode = FALSE
	EndGlobalSection
	GlobalSection(NestedProjects) = preSolution
		{50819104-F102-46B2-8E19-352A08354D40} = {827E0CD3-B72D-47B6-A68D-7590B98EB39B}
		{6BEE3B83-A6BD-40A1-85A8-4B945A54F1EC} = {827E0CD3-B72D-47B6-A68D-7590B98EB39B}
		{81B1BDFD-5523-4AA7-9A36-8D1B09C9A5C1} = {827E0CD3-B72D-47B6-A68D-7590B98EB39B}
		{68D9AAAA-FB6D-452B-99C3-778376307150} = {0AB3BF05-4346-4AA6-1389-037BE0695223}
		{2921D44D-EDDE-42CA-8526-C18CBA66F453} = {0AB3BF05-4346-4AA6-1389-037BE0695223}
		{2B2D078D-7B3C-4DA9-B53E-45F4DD76228E} = {827E0CD3-B72D-47B6-A68D-7590B98EB39B}
		{29937A80-CF66-489C-8977-2CE0E7F60593} = {0AB3BF05-4346-4AA6-1389-037BE0695223}
	EndGlobalSection
EndGlobal
